
Microsoft Visual Studio Solution File, Format Version 12.00
# Visual Studio 15
VisualStudioVersion = 15.0.26124.0
MinimumVisualStudioVersion = 15.0.26124.0
Project("{FAE04EC0-301F-11D3-BF4B-00C04F79EFBC}") = "API", "API\API.csproj", "{BF799CEC-3130-4A4F-B0E2-435453790AB1}"
EndProject
Project("{FAE04EC0-301F-11D3-BF4B-00C04F79EFBC}") = "Core", "Core\Core.csproj", "{1D41BF58-40C0-4834-B275-E56DD114C932}"
EndProject
Project("{FAE04EC0-301F-11D3-BF4B-00C04F79EFBC}") = "Infrastructure", "Infrastructure\Infrastructure.csproj", "{E075C078-087F-499E-8BD6-0A8111EDF556}"
EndProject
Global
	GlobalSection(SolutionConfigurationPlatforms) = preSolution
		Debug|Any CPU = Debug|Any CPU
		Debug|x64 = Debug|x64
		Debug|x86 = Debug|x86
		Release|Any CPU = Release|Any CPU
		Release|x64 = Release|x64
		Release|x86 = Release|x86
	EndGlobalSection
	GlobalSection(SolutionProperties) = preSolution
		HideSolutionNode = FALSE
	EndGlobalSection
	GlobalSection(ProjectConfigurationPlatforms) = postSolution
		{BF799CEC-3130-4A4F-B0E2-435453790AB1}.Debug|Any CPU.ActiveCfg = Debug|Any CPU
		{BF799CEC-3130-4A4F-B0E2-435453790AB1}.Debug|Any CPU.Build.0 = Debug|Any CPU
		{BF799CEC-3130-4A4F-B0E2-435453790AB1}.Debug|x64.ActiveCfg = Debug|Any CPU
		{BF799CEC-3130-4A4F-B0E2-435453790AB1}.Debug|x64.Build.0 = Debug|Any CPU
		{BF799CEC-3130-4A4F-B0E2-435453790AB1}.Debug|x86.ActiveCfg = Debug|Any CPU
		{BF799CEC-3130-4A4F-B0E2-435453790AB1}.Debug|x86.Build.0 = Debug|Any CPU
		{BF799CEC-3130-4A4F-B0E2-435453790AB1}.Release|Any CPU.ActiveCfg = Release|Any CPU
		{BF799CEC-3130-4A4F-B0E2-435453790AB1}.Release|Any CPU.Build.0 = Release|Any CPU
		{BF799CEC-3130-4A4F-B0E2-435453790AB1}.Release|x64.ActiveCfg = Release|Any CPU
		{BF799CEC-3130-4A4F-B0E2-435453790AB1}.Release|x64.Build.0 = Release|Any CPU
		{BF799CEC-3130-4A4F-B0E2-435453790AB1}.Release|x86.ActiveCfg = Release|Any CPU
		{BF799CEC-3130-4A4F-B0E2-435453790AB1}.Release|x86.Build.0 = Release|Any CPU
		{1D41BF58-40C0-4834-B275-E56DD114C932}.Debug|Any CPU.ActiveCfg = Debug|Any CPU
		{1D41BF58-40C0-4834-B275-E56DD114C932}.Debug|Any CPU.Build.0 = Debug|Any CPU
		{1D41BF58-40C0-4834-B275-E56DD114C932}.Debug|x64.ActiveCfg = Debug|Any CPU
		{1D41BF58-40C0-4834-B275-E56DD114C932}.Debug|x64.Build.0 = Debug|Any CPU
		{1D41BF58-40C0-4834-B275-E56DD114C932}.Debug|x86.ActiveCfg = Debug|Any CPU
		{1D41BF58-40C0-4834-B275-E56DD114C932}.Debug|x86.Build.0 = Debug|Any CPU
		{1D41BF58-40C0-4834-B275-E56DD114C932}.Release|Any CPU.ActiveCfg = Release|Any CPU
		{1D41BF58-40C0-4834-B275-E56DD114C932}.Release|Any CPU.Build.0 = Release|Any CPU
		{1D41BF58-40C0-4834-B275-E56DD114C932}.Release|x64.ActiveCfg = Release|Any CPU
		{1D41BF58-40C0-4834-B275-E56DD114C932}.Release|x64.Build.0 = Release|Any CPU
		{1D41BF58-40C0-4834-B275-E56DD114C932}.Release|x86.ActiveCfg = Release|Any CPU
		{1D41BF58-40C0-4834-B275-E56DD114C932}.Release|x86.Build.0 = Release|Any CPU
		{E075C078-087F-499E-8BD6-0A8111EDF556}.Debug|Any CPU.ActiveCfg = Debug|Any CPU
		{E075C078-087F-499E-8BD6-0A8111EDF556}.Debug|Any CPU.Build.0 = Debug|Any CPU
		{E075C078-087F-499E-8BD6-0A8111EDF556}.Debug|x64.ActiveCfg = Debug|Any CPU
		{E075C078-087F-499E-8BD6-0A8111EDF556}.Debug|x64.Build.0 = Debug|Any CPU
		{E075C078-087F-499E-8BD6-0A8111EDF556}.Debug|x86.ActiveCfg = Debug|Any CPU
		{E075C078-087F-499E-8BD6-0A8111EDF556}.Debug|x86.Build.0 = Debug|Any CPU
		{E075C078-087F-499E-8BD6-0A8111EDF556}.Release|Any CPU.ActiveCfg = Release|Any CPU
		{E075C078-087F-499E-8BD6-0A8111EDF556}.Release|Any CPU.Build.0 = Release|Any CPU
		{E075C078-087F-499E-8BD6-0A8111EDF556}.Release|x64.ActiveCfg = Release|Any CPU
		{E075C078-087F-499E-8BD6-0A8111EDF556}.Release|x64.Build.0 = Release|Any CPU
		{E075C078-087F-499E-8BD6-0A8111EDF556}.Release|x86.ActiveCfg = Release|Any CPU
		{E075C078-087F-499E-8BD6-0A8111EDF556}.Release|x86.Build.0 = Release|Any CPU
	EndGlobalSection
EndGlobal
